
Microsoft Visual Studio Solution File, Format Version 12.00
# Visual Studio Version 16
VisualStudioVersion = 16.0.32602.291
MinimumVisualStudioVersion = 10.0.40219.1
Project("{FAE04EC0-301F-11D3-BF4B-00C04F79EFBC}") = "Zasilacz_warsztatowy", "Aplikacja dyplomowa\Zasilacz_warsztatowy.csproj", "{20861063-0AE8-4E5B-9ED0-EB6A4F2D08BB}"
EndProject
Global
	GlobalSection(SolutionConfigurationPlatforms) = preSolution
		Debug|Any CPU = Debug|Any CPU
		Release|Any CPU = Release|Any CPU
	EndGlobalSection
	GlobalSection(ProjectConfigurationPlatforms) = postSolution
		{20861063-0AE8-4E5B-9ED0-EB6A4F2D08BB}.Debug|Any CPU.ActiveCfg = Debug|Any CPU
		{20861063-0AE8-4E5B-9ED0-EB6A4F2D08BB}.Debug|Any CPU.Build.0 = Debug|Any CPU
		{20861063-0AE8-4E5B-9ED0-EB6A4F2D08BB}.Release|Any CPU.ActiveCfg = Release|Any CPU
		{20861063-0AE8-4E5B-9ED0-EB6A4F2D08BB}.Release|Any CPU.Build.0 = Release|Any CPU
	EndGlobalSection
	GlobalSection(SolutionProperties) = preSolution
		HideSolutionNode = FALSE
	EndGlobalSection
	GlobalSection(ExtensibilityGlobals) = postSolution
		SolutionGuid = {E913EC52-6DF0-4BB7-BD92-8EBAAA3026F0}
	EndGlobalSection
EndGlobal
